
Microsoft Visual Studio Solution File, Format Version 12.00
# Visual Studio 15
VisualStudioVersion = 15.0.27703.2042
MinimumVisualStudioVersion = 10.0.40219.1
Project("{FAE04EC0-301F-11D3-BF4B-00C04F79EFBC}") = "App1.Android", "App1\App1.Android\App1.Android.csproj", "{37CC6DAB-270B-4B3C-BE19-BB332BC9CC69}"
EndProject
Project("{FAE04EC0-301F-11D3-BF4B-00C04F79EFBC}") = "App1.iOS", "App1\App1.iOS\App1.iOS.csproj", "{3846C989-D911-4033-A206-E289CB4DAEEE}"
EndProject
Project("{FAE04EC0-301F-11D3-BF4B-00C04F79EFBC}") = "App1", "App1\App1\App1.csproj", "{22DA7580-4E55-4AF1-9C8A-8B800176A533}"
EndProject
Global
	GlobalSection(SolutionConfigurationPlatforms) = preSolution
		Ad-Hoc|Any CPU = Ad-Hoc|Any CPU
		Ad-Hoc|iPhone = Ad-Hoc|iPhone
		Ad-Hoc|iPhoneSimulator = Ad-Hoc|iPhoneSimulator
		AppStore|Any CPU = AppStore|Any CPU
		AppStore|iPhone = AppStore|iPhone
		AppStore|iPhoneSimulator = AppStore|iPhoneSimulator
		Debug|Any CPU = Debug|Any CPU
		Debug|iPhone = Debug|iPhone
		Debug|iPhoneSimulator = Debug|iPhoneSimulator
		Release|Any CPU = Release|Any CPU
		Release|iPhone = Release|iPhone
		Release|iPhoneSimulator = Release|iPhoneSimulator
	EndGlobalSection
	GlobalSection(ProjectConfigurationPlatforms) = postSolution
		{37CC6DAB-270B-4B3C-BE19-BB332BC9CC69}.Ad-Hoc|Any CPU.ActiveCfg = Release|Any CPU
		{37CC6DAB-270B-4B3C-BE19-BB332BC9CC69}.Ad-Hoc|Any CPU.Build.0 = Release|Any CPU
		{37CC6DAB-270B-4B3C-BE19-BB332BC9CC69}.Ad-Hoc|Any CPU.Deploy.0 = Release|Any CPU
		{37CC6DAB-270B-4B3C-BE19-BB332BC9CC69}.Ad-Hoc|iPhone.ActiveCfg = Release|Any CPU
		{37CC6DAB-270B-4B3C-BE19-BB332BC9CC69}.Ad-Hoc|iPhone.Build.0 = Release|Any CPU
		{37CC6DAB-270B-4B3C-BE19-BB332BC9CC69}.Ad-Hoc|iPhone.Deploy.0 = Release|Any CPU
		{37CC6DAB-270B-4B3C-BE19-BB332BC9CC69}.Ad-Hoc|iPhoneSimulator.ActiveCfg = Release|Any CPU
		{37CC6DAB-270B-4B3C-BE19-BB332BC9CC69}.Ad-Hoc|iPhoneSimulator.Build.0 = Release|Any CPU
		{37CC6DAB-270B-4B3C-BE19-BB332BC9CC69}.Ad-Hoc|iPhoneSimulator.Deploy.0 = Release|Any CPU
		{37CC6DAB-270B-4B3C-BE19-BB332BC9CC69}.AppStore|Any CPU.ActiveCfg = Release|Any CPU
		{37CC6DAB-270B-4B3C-BE19-BB332BC9CC69}.AppStore|Any CPU.Build.0 = Release|Any CPU
		{37CC6DAB-270B-4B3C-BE19-BB332BC9CC69}.AppStore|Any CPU.Deploy.0 = Release|Any CPU
		{37CC6DAB-270B-4B3C-BE19-BB332BC9CC69}.AppStore|iPhone.ActiveCfg = Release|Any CPU
		{37CC6DAB-270B-4B3C-BE19-BB332BC9CC69}.AppStore|iPhone.Build.0 = Release|Any CPU
		{37CC6DAB-270B-4B3C-BE19-BB332BC9CC69}.AppStore|iPhone.Deploy.0 = Release|Any CPU
		{37CC6DAB-270B-4B3C-BE19-BB332BC9CC69}.AppStore|iPhoneSimulator.ActiveCfg = Release|Any CPU
		{37CC6DAB-270B-4B3C-BE19-BB332BC9CC69}.AppStore|iPhoneSimulator.Build.0 = Release|Any CPU
		{37CC6DAB-270B-4B3C-BE19-BB332BC9CC69}.AppStore|iPhoneSimulator.Deploy.0 = Release|Any CPU
		{37CC6DAB-270B-4B3C-BE19-BB332BC9CC69}.Debug|Any CPU.ActiveCfg = Debug|Any CPU
		{37CC6DAB-270B-4B3C-BE19-BB332BC9CC69}.Debug|Any CPU.Build.0 = Debug|Any CPU
		{37CC6DAB-270B-4B3C-BE19-BB332BC9CC69}.Debug|Any CPU.Deploy.0 = Debug|Any CPU
		{37CC6DAB-270B-4B3C-BE19-BB332BC9CC69}.Debug|iPhone.ActiveCfg = Debug|Any CPU
		{37CC6DAB-270B-4B3C-BE19-BB332BC9CC69}.Debug|iPhone.Build.0 = Debug|Any CPU
		{37CC6DAB-270B-4B3C-BE19-BB332BC9CC69}.Debug|iPhone.Deploy.0 = Debug|Any CPU
		{37CC6DAB-270B-4B3C-BE19-BB332BC9CC69}.Debug|iPhoneSimulator.ActiveCfg = Debug|Any CPU
		{37CC6DAB-270B-4B3C-BE19-BB332BC9CC69}.Debug|iPhoneSimulator.Build.0 = Debug|Any CPU
		{37CC6DAB-270B-4B3C-BE19-BB332BC9CC69}.Debug|iPhoneSimulator.Deploy.0 = Debug|Any CPU
		{37CC6DAB-270B-4B3C-BE19-BB332BC9CC69}.Release|Any CPU.ActiveCfg = Release|Any CPU
		{37CC6DAB-270B-4B3C-BE19-BB332BC9CC69}.Release|Any CPU.Build.0 = Release|Any CPU
		{37CC6DAB-270B-4B3C-BE19-BB332BC9CC69}.Release|Any CPU.Deploy.0 = Release|Any CPU
		{37CC6DAB-270B-4B3C-BE19-BB332BC9CC69}.Release|iPhone.ActiveCfg = Release|Any CPU
		{37CC6DAB-270B-4B3C-BE19-BB332BC9CC69}.Release|iPhone.Build.0 = Release|Any CPU
		{37CC6DAB-270B-4B3C-BE19-BB332BC9CC69}.Release|iPhone.Deploy.0 = Release|Any CPU
		{37CC6DAB-270B-4B3C-BE19-BB332BC9CC69}.Release|iPhoneSimulator.ActiveCfg = Release|Any CPU
		{37CC6DAB-270B-4B3C-BE19-BB332BC9CC69}.Release|iPhoneSimulator.Build.0 = Release|Any CPU
		{37CC6DAB-270B-4B3C-BE19-BB332BC9CC69}.Release|iPhoneSimulator.Deploy.0 = Release|Any CPU
		{3846C989-D911-4033-A206-E289CB4DAEEE}.Ad-Hoc|Any CPU.ActiveCfg = Ad-Hoc|iPhone
		{3846C989-D911-4033-A206-E289CB4DAEEE}.Ad-Hoc|Any CPU.Build.0 = Ad-Hoc|iPhone
		{3846C989-D911-4033-A206-E289CB4DAEEE}.Ad-Hoc|Any CPU.Deploy.0 = Ad-Hoc|iPhone
		{3846C989-D911-4033-A206-E289CB4DAEEE}.Ad-Hoc|iPhone.ActiveCfg = Ad-Hoc|iPhone
		{3846C989-D911-4033-A206-E289CB4DAEEE}.Ad-Hoc|iPhone.Build.0 = Ad-Hoc|iPhone
		{3846C989-D911-4033-A206-E289CB4DAEEE}.Ad-Hoc|iPhone.Deploy.0 = Ad-Hoc|iPhone
		{3846C989-D911-4033-A206-E289CB4DAEEE}.Ad-Hoc|iPhoneSimulator.ActiveCfg = Ad-Hoc|iPhoneSimulator
		{3846C989-D911-4033-A206-E289CB4DAEEE}.Ad-Hoc|iPhoneSimulator.Build.0 = Ad-Hoc|iPhoneSimulator
		{3846C989-D911-4033-A206-E289CB4DAEEE}.Ad-Hoc|iPhoneSimulator.Deploy.0 = Ad-Hoc|iPhoneSimulator
		{3846C989-D911-4033-A206-E289CB4DAEEE}.AppStore|Any CPU.ActiveCfg = AppStore|iPhone
		{3846C989-D911-4033-A206-E289CB4DAEEE}.AppStore|Any CPU.Build.0 = AppStore|iPhone
		{3846C989-D911-4033-A206-E289CB4DAEEE}.AppStore|Any CPU.Deploy.0 = AppStore|iPhone
		{3846C989-D911-4033-A206-E289CB4DAEEE}.AppStore|iPhone.ActiveCfg = AppStore|iPhone
		{3846C989-D911-4033-A206-E289CB4DAEEE}.AppStore|iPhone.Build.0 = AppStore|iPhone
		{3846C989-D911-4033-A206-E289CB4DAEEE}.AppStore|iPhone.Deploy.0 = AppStore|iPhone
		{3846C989-D911-4033-A206-E289CB4DAEEE}.AppStore|iPhoneSimulator.ActiveCfg = AppStore|iPhoneSimulator
		{3846C989-D911-4033-A206-E289CB4DAEEE}.AppStore|iPhoneSimulator.Build.0 = AppStore|iPhoneSimulator
		{3846C989-D911-4033-A206-E289CB4DAEEE}.AppStore|iPhoneSimulator.Deploy.0 = AppStore|iPhoneSimulator
		{3846C989-D911-4033-A206-E289CB4DAEEE}.Debug|Any CPU.ActiveCfg = Debug|iPhoneSimulator
		{3846C989-D911-4033-A206-E289CB4DAEEE}.Debug|Any CPU.Build.0 = Debug|iPhoneSimulator
		{3846C989-D911-4033-A206-E289CB4DAEEE}.Debug|Any CPU.Deploy.0 = Debug|iPhoneSimulator
		{3846C989-D911-4033-A206-E289CB4DAEEE}.Debug|iPhone.ActiveCfg = Debug|iPhone
		{3846C989-D911-4033-A206-E289CB4DAEEE}.Debug|iPhone.Build.0 = Debug|iPhone
		{3846C989-D911-4033-A206-E289CB4DAEEE}.Debug|iPhone.Deploy.0 = Debug|iPhone
		{3846C989-D911-4033-A206-E289CB4DAEEE}.Debug|iPhoneSimulator.ActiveCfg = Debug|iPhoneSimulator
		{3846C989-D911-4033-A206-E289CB4DAEEE}.Debug|iPhoneSimulator.Build.0 = Debug|iPhoneSimulator
		{3846C989-D911-4033-A206-E289CB4DAEEE}.Debug|iPhoneSimulator.Deploy.0 = Debug|iPhoneSimulator
		{3846C989-D911-4033-A206-E289CB4DAEEE}.Release|Any CPU.ActiveCfg = Release|iPhone
		{3846C989-D911-4033-A206-E289CB4DAEEE}.Release|Any CPU.Build.0 = Release|iPhone
		{3846C989-D911-4033-A206-E289CB4DAEEE}.Release|Any CPU.Deploy.0 = Release|iPhone
		{3846C989-D911-4033-A206-E289CB4DAEEE}.Release|iPhone.ActiveCfg = Release|iPhone
		{3846C989-D911-4033-A206-E289CB4DAEEE}.Release|iPhone.Build.0 = Release|iPhone
		{3846C989-D911-4033-A206-E289CB4DAEEE}.Release|iPhone.Deploy.0 = Release|iPhone
		{3846C989-D911-4033-A206-E289CB4DAEEE}.Release|iPhoneSimulator.ActiveCfg = Release|iPhoneSimulator
		{3846C989-D911-4033-A206-E289CB4DAEEE}.Release|iPhoneSimulator.Build.0 = Release|iPhoneSimulator
		{3846C989-D911-4033-A206-E289CB4DAEEE}.Release|iPhoneSimulator.Deploy.0 = Release|iPhoneSimulator
		{22DA7580-4E55-4AF1-9C8A-8B800176A533}.Ad-Hoc|Any CPU.ActiveCfg = Debug|Any CPU
		{22DA7580-4E55-4AF1-9C8A-8B800176A533}.Ad-Hoc|Any CPU.Build.0 = Debug|Any CPU
		{22DA7580-4E55-4AF1-9C8A-8B800176A533}.Ad-Hoc|Any CPU.Deploy.0 = Debug|Any CPU
		{22DA7580-4E55-4AF1-9C8A-8B800176A533}.Ad-Hoc|iPhone.ActiveCfg = Debug|Any CPU
		{22DA7580-4E55-4AF1-9C8A-8B800176A533}.Ad-Hoc|iPhone.Build.0 = Debug|Any CPU
		{22DA7580-4E55-4AF1-9C8A-8B800176A533}.Ad-Hoc|iPhone.Deploy.0 = Debug|Any CPU
		{22DA7580-4E55-4AF1-9C8A-8B800176A533}.Ad-Hoc|iPhoneSimulator.ActiveCfg = Debug|Any CPU
		{22DA7580-4E55-4AF1-9C8A-8B800176A533}.Ad-Hoc|iPhoneSimulator.Build.0 = Debug|Any CPU
		{22DA7580-4E55-4AF1-9C8A-8B800176A533}.Ad-Hoc|iPhoneSimulator.Deploy.0 = Debug|Any CPU
		{22DA7580-4E55-4AF1-9C8A-8B800176A533}.AppStore|Any CPU.ActiveCfg = Debug|Any CPU
		{22DA7580-4E55-4AF1-9C8A-8B800176A533}.AppStore|Any CPU.Build.0 = Debug|Any CPU
		{22DA7580-4E55-4AF1-9C8A-8B800176A533}.AppStore|Any CPU.Deploy.0 = Debug|Any CPU
		{22DA7580-4E55-4AF1-9C8A-8B800176A533}.AppStore|iPhone.ActiveCfg = Debug|Any CPU
		{22DA7580-4E55-4AF1-9C8A-8B800176A533}.AppStore|iPhone.Build.0 = Debug|Any CPU
		{22DA7580-4E55-4AF1-9C8A-8B800176A533}.AppStore|iPhone.Deploy.0 = Debug|Any CPU
		{22DA7580-4E55-4AF1-9C8A-8B800176A533}.AppStore|iPhoneSimulator.ActiveCfg = Debug|Any CPU
		{22DA7580-4E55-4AF1-9C8A-8B800176A533}.AppStore|iPhoneSimulator.Build.0 = Debug|Any CPU
		{22DA7580-4E55-4AF1-9C8A-8B800176A533}.AppStore|iPhoneSimulator.Deploy.0 = Debug|Any CPU
		{22DA7580-4E55-4AF1-9C8A-8B800176A533}.Debug|Any CPU.ActiveCfg = Debug|Any CPU
		{22DA7580-4E55-4AF1-9C8A-8B800176A533}.Debug|Any CPU.Build.0 = Debug|Any CPU
		{22DA7580-4E55-4AF1-9C8A-8B800176A533}.Debug|Any CPU.Deploy.0 = Debug|Any CPU
		{22DA7580-4E55-4AF1-9C8A-8B800176A533}.Debug|iPhone.ActiveCfg = Debug|Any CPU
		{22DA7580-4E55-4AF1-9C8A-8B800176A533}.Debug|iPhone.Build.0 = Debug|Any CPU
		{22DA7580-4E55-4AF1-9C8A-8B800176A533}.Debug|iPhone.Deploy.0 = Debug|Any CPU
		{22DA7580-4E55-4AF1-9C8A-8B800176A533}.Debug|iPhoneSimulator.ActiveCfg = Debug|Any CPU
		{22DA7580-4E55-4AF1-9C8A-8B800176A533}.Debug|iPhoneSimulator.Build.0 = Debug|Any CPU
		{22DA7580-4E55-4AF1-9C8A-8B800176A533}.Debug|iPhoneSimulator.Deploy.0 = Debug|Any CPU
		{22DA7580-4E55-4AF1-9C8A-8B800176A533}.Release|Any CPU.ActiveCfg = Release|Any CPU
		{22DA7580-4E55-4AF1-9C8A-8B800176A533}.Release|Any CPU.Build.0 = Release|Any CPU
		{22DA7580-4E55-4AF1-9C8A-8B800176A533}.Release|Any CPU.Deploy.0 = Release|Any CPU
		{22DA7580-4E55-4AF1-9C8A-8B800176A533}.Release|iPhone.ActiveCfg = Release|Any CPU
		{22DA7580-4E55-4AF1-9C8A-8B800176A533}.Release|iPhone.Build.0 = Release|Any CPU
		{22DA7580-4E55-4AF1-9C8A-8B800176A533}.Release|iPhone.Deploy.0 = Release|Any CPU
		{22DA7580-4E55-4AF1-9C8A-8B800176A533}.Release|iPhoneSimulator.ActiveCfg = Release|Any CPU
		{22DA7580-4E55-4AF1-9C8A-8B800176A533}.Release|iPhoneSimulator.Build.0 = Release|Any CPU
		{22DA7580-4E55-4AF1-9C8A-8B800176A533}.Release|iPhoneSimulator.Deploy.0 = Release|Any CPU
	EndGlobalSection
	GlobalSection(SolutionProperties) = preSolution
		HideSolutionNode = FALSE
	EndGlobalSection
	GlobalSection(ExtensibilityGlobals) = postSolution
		SolutionGuid = {01E3AD94-E82F-4A54-AA73-6ED0B2437299}
	EndGlobalSection
EndGlobal
